{
    "_readme": [
        "This file locks the dependencies of your project to a known state",
        "Read more about it at https://getcomposer.org/doc/01-basic-usage.md#installing-dependencies",
        "This file is @generated automatically"
    ],
    "content-hash": "b7c747fd2936535a7360589ba62f1b7f",
    "packages": [
        {
            "name": "kristuff/abuseipdb",
            "version": "v0.9.14",
            "source": {
                "type": "git",
                "url": "https://github.com/kristuff/abuseipdb.git",
                "reference": "d1d9cf9ad0fcac083e4c24aa009850e43e83cf24"
            },
            "dist": {
                "type": "zip",
                "url": "https://api.github.com/repos/kristuff/abuseipdb/zipball/d1d9cf9ad0fcac083e4c24aa009850e43e83cf24",
                "reference": "d1d9cf9ad0fcac083e4c24aa009850e43e83cf24",
                "shasum": ""
            },
            "require": {
                "php": ">=7.1"
            },
            "type": "library",
            "autoload": {
                "psr-4": {
                    "Kristuff\\AbuseIPDB\\": "lib/"
                }
            },
            "notification-url": "https://packagist.org/downloads/",
            "license": [
                "MIT"
            ],
            "authors": [
                {
                    "name": "Kristuff",
                    "email": "kristuff@kristuff.fr",
                    "homepage": "https://github.com/kristuff",
                    "role": "Developer"
                }
            ],
            "description": "A PHP wrapper for AbuseIPDB API v2",
            "keywords": [
                "abuseipdb",
                "api"
            ],
            "support": {
                "issues": "https://github.com/kristuff/abuseipdb/issues",
                "source": "https://github.com/kristuff/abuseipdb/tree/v0.9.14"
            },
            "time": "2021-12-06T20:40:39+00:00"
        },
        {
            "name": "kristuff/mishell",
            "version": "v1.5",
            "source": {
                "type": "git",
                "url": "https://github.com/kristuff/mishell.git",
                "reference": "7c23c174532a9f543ab348528c99c48f09277b62"
            },
            "dist": {
                "type": "zip",
                "url": "https://api.github.com/repos/kristuff/mishell/zipball/7c23c174532a9f543ab348528c99c48f09277b62",
                "reference": "7c23c174532a9f543ab348528c99c48f09277b62",
                "shasum": ""
            },
            "require": {
                "php": ">=5.6.0"
            },
            "type": "library",
            "autoload": {
                "psr-4": {
                    "Kristuff\\Mishell\\": "lib/"
                }
            },
            "notification-url": "https://packagist.org/downloads/",
            "license": [
                "MIT"
            ],
            "authors": [
                {
                    "name": "kristuff",
                    "homepage": "https://github.com/kristuff"
                }
            ],
            "description": "A mini PHP library to build beautiful CLI apps and reports",
            "homepage": "https://kristuff.fr/projects/mishell",
            "keywords": [
                "cli",
                "color",
                "table"
            ],
            "support": {
                "issues": "https://github.com/kristuff/mishell/issues",
                "source": "https://github.com/kristuff/mishell/tree/v1.5"
            },
            "time": "2021-01-28T19:01:18+00:00"
        }
    ],
    "packages-dev": [],
    "aliases": [],
    "minimum-stability": "stable",
    "stability-flags": [],
    "prefer-stable": false,
    "prefer-lowest": false,
    "platform": {
        "php": ">=7.1"
    },
    "platform-dev": [],
    "plugin-api-version": "2.0.0"
}
